
Microsoft Visual Studio Solution File, Format Version 12.00
# Visual Studio Version 17
VisualStudioVersion = 17.8.34330.188
MinimumVisualStudioVersion = 10.0.40219.1
Project("{9A19103F-16F7-4668-BE54-9A1E7A4F7556}") = "Empreendimento", "Empreendimento.csproj", "{929F3A08-396E-4B69-B57D-234F5AE2F997}"
EndProject
Global
	GlobalSection(SolutionConfigurationPlatforms) = preSolution
		Debug|Any CPU = Debug|Any CPU
		Release|Any CPU = Release|Any CPU
	EndGlobalSection
	GlobalSection(ProjectConfigurationPlatforms) = postSolution
		{929F3A08-396E-4B69-B57D-234F5AE2F997}.Debug|Any CPU.ActiveCfg = Debug|Any CPU
		{929F3A08-396E-4B69-B57D-234F5AE2F997}.Debug|Any CPU.Build.0 = Debug|Any CPU
		{929F3A08-396E-4B69-B57D-234F5AE2F997}.Release|Any CPU.ActiveCfg = Release|Any CPU
		{929F3A08-396E-4B69-B57D-234F5AE2F997}.Release|Any CPU.Build.0 = Release|Any CPU
	EndGlobalSection
	GlobalSection(SolutionProperties) = preSolution
		HideSolutionNode = FALSE
	EndGlobalSection
	GlobalSection(ExtensibilityGlobals) = postSolution
		SolutionGuid = {A782B0DB-F986-4A83-8E45-B8D6300F872F}
	EndGlobalSection
EndGlobal
